
Microsoft Visual Studio Solution File, Format Version 12.00
# Visual Studio Version 16
VisualStudioVersion = 16.0.809.4
MinimumVisualStudioVersion = 10.0.40219.1
Project("{FAE04EC0-301F-11D3-BF4B-00C04F79EFBC}") = "OgImgGen.Sample", "OgImgGen.Sample\OgImgGen.Sample.csproj", "{7779F7C1-CF91-40C6-A861-0AD544B05431}"
EndProject
Project("{FAE04EC0-301F-11D3-BF4B-00C04F79EFBC}") = "OgImgGen", "OgImgGen\OgImgGen.csproj", "{8E4BECBF-65FF-4921-AA19-9EEDA937B7E3}"
EndProject
Global
	GlobalSection(SolutionConfigurationPlatforms) = preSolution
		Debug|Any CPU = Debug|Any CPU
		Release|Any CPU = Release|Any CPU
	EndGlobalSection
	GlobalSection(ProjectConfigurationPlatforms) = postSolution
		{7779F7C1-CF91-40C6-A861-0AD544B05431}.Debug|Any CPU.ActiveCfg = Debug|Any CPU
		{7779F7C1-CF91-40C6-A861-0AD544B05431}.Debug|Any CPU.Build.0 = Debug|Any CPU
		{7779F7C1-CF91-40C6-A861-0AD544B05431}.Release|Any CPU.ActiveCfg = Release|Any CPU
		{7779F7C1-CF91-40C6-A861-0AD544B05431}.Release|Any CPU.Build.0 = Release|Any CPU
		{8E4BECBF-65FF-4921-AA19-9EEDA937B7E3}.Debug|Any CPU.ActiveCfg = Debug|Any CPU
		{8E4BECBF-65FF-4921-AA19-9EEDA937B7E3}.Debug|Any CPU.Build.0 = Debug|Any CPU
		{8E4BECBF-65FF-4921-AA19-9EEDA937B7E3}.Release|Any CPU.ActiveCfg = Release|Any CPU
		{8E4BECBF-65FF-4921-AA19-9EEDA937B7E3}.Release|Any CPU.Build.0 = Release|Any CPU
	EndGlobalSection
	GlobalSection(SolutionProperties) = preSolution
		HideSolutionNode = FALSE
	EndGlobalSection
	GlobalSection(ExtensibilityGlobals) = postSolution
		SolutionGuid = {237687BD-C11B-4454-A021-AFEC59BCCBC8}
	EndGlobalSection
EndGlobal
